github.com/love-yy/dog v0.0.0-20250126035658-5f0084b14208 h1:iaW/ba+fdPIs1YF+WVKu8IKKj7tCAVG3B43mWeSBHQs=
github.com/love-yy/dog v0.0.0-20250126035658-5f0084b14208/go.mod h1:yfGd9I0U/vW0cdpR4vB98F/vJiFBafZNAavIf7JfSG4=
github.com/love-yy/puppy v0.0.0-20250125235437-f124c4f60236 h1:9UioMqgF3chFzDXbJvHTSIonnBruxFmES0RxMLnN5KA=
github.com/love-yy/puppy v0.0.0-20250125235437-f124c4f60236/go.mod h1:20pl8EbR0e8oGN6bXR7Vsn5HjR3VvAU0xNojLl91M64=
github.com/love-yy/puppy v0.0.0-20250126013124-f7aac7639585 h1:oyFotc5s8zzc20cOFlE/ZgKw2JXtls4zYbgBMitMcKU=
github.com/love-yy/puppy v0.0.0-20250126013124-f7aac7639585/go.mod h1:20pl8EbR0e8oGN6bXR7Vsn5HjR3VvAU0xNojLl91M64=
github.com/love-yy/puppy v0.0.0-20250126040432-1f3a1cc0ec2a h1:QgcDOLz2xl+Way/wABReNGJyxXPo7PPZnlAmZA9HHJw=
github.com/love-yy/puppy v0.0.0-20250126040432-1f3a1cc0ec2a/go.mod h1:BGyf9XZ8733/OTSPelJSQ4z38gVHG0psA6L17VyMneM=
